
Microsoft Visual Studio Solution File, Format Version 12.00
# Visual Studio 15
VisualStudioVersion = 15.0.27428.2005
MinimumVisualStudioVersion = 10.0.40219.1
Project("{9A19103F-16F7-4668-BE54-9A1E7A4F7556}") = "LMSAPIService", "LMSAPIService\LMSAPIService.csproj", "{1BE671F5-5375-4B2F-A57B-DBBD7E9BAD21}"
EndProject
Project("{2150E333-8FDC-42A3-9474-1A3956D46DE8}") = "src", "src", "{22518FC6-1E45-482D-8E43-7758478B1C56}"
EndProject
Project("{2150E333-8FDC-42A3-9474-1A3956D46DE8}") = "BusinessLayer", "BusinessLayer", "{5F792D29-E657-4AE2-B6A9-BCEF21B710BC}"
EndProject
Project("{2150E333-8FDC-42A3-9474-1A3956D46DE8}") = "Common", "Common", "{3582E42C-588F-44C9-9141-44256D6B2CC5}"
EndProject
Project("{2150E333-8FDC-42A3-9474-1A3956D46DE8}") = "DataLayer", "DataLayer", "{C0DFA95B-7381-41F7-9C15-7681D8516310}"
EndProject
Project("{2150E333-8FDC-42A3-9474-1A3956D46DE8}") = "Mappers", "Mappers", "{CB0C18F5-4C41-4C9F-8C32-6910298C5E31}"
EndProject
Project("{2150E333-8FDC-42A3-9474-1A3956D46DE8}") = "Models", "Models", "{64F5D972-ABCE-4B15-A97D-06B33EBA9768}"
EndProject
Project("{9A19103F-16F7-4668-BE54-9A1E7A4F7556}") = "LMSAPI.Businesslayer", "src\BusinessLayer\LMSAPI.Businesslayer\LMSAPI.Businesslayer.csproj", "{EAF164A1-63FD-4D67-B4EE-F478A8CD318C}"
EndProject
Project("{9A19103F-16F7-4668-BE54-9A1E7A4F7556}") = "LMSAPI.Common", "src\Common\LMSAPI.Common\LMSAPI.Common.csproj", "{CD167169-1F46-4A56-B77C-91EA27A9B179}"
EndProject
Project("{9A19103F-16F7-4668-BE54-9A1E7A4F7556}") = "LMSAPI.DataLayer.Context", "src\DataLayer\LMSAPI.DataLayer.Context\LMSAPI.DataLayer.Context.csproj", "{ACA86E78-FC99-477A-B98F-C2DD1FD1D59E}"
EndProject
Project("{9A19103F-16F7-4668-BE54-9A1E7A4F7556}") = "LMSAPI.DataLayer.Repository", "src\DataLayer\LMSAPI.DataLayer.Repository\LMSAPI.DataLayer.Repository.csproj", "{ED513568-45AA-433E-AD7E-D546F0022865}"
EndProject
Project("{9A19103F-16F7-4668-BE54-9A1E7A4F7556}") = "LMSAPI.Mappers", "src\Mappers\LMSAPI.Mappers\LMSAPI.Mappers.csproj", "{7F658079-D2D6-4AA0-A472-C872FC09BAAD}"
EndProject
Project("{9A19103F-16F7-4668-BE54-9A1E7A4F7556}") = "LMS.API.Models.Entity", "src\Models\LMS.API.Models.Entity\LMS.API.Models.Entity.csproj", "{C116921B-B375-47E7-81F8-6035B1D824F2}"
EndProject
Project("{9A19103F-16F7-4668-BE54-9A1E7A4F7556}") = "LMS.API.Models.Domain", "src\Models\LMS.API.Models.Domain\LMS.API.Models.Domain.csproj", "{0F7E9B25-D2A9-4E9E-B125-A4B8F33FA005}"
EndProject
Project("{FAE04EC0-301F-11D3-BF4B-00C04F79EFBC}") = "LMSAPI.Models.Dto", "src\Models\LMSAPI.Models.Dto\LMSAPI.Models.Dto.csproj", "{0B08ECDC-0ED8-4CCE-A40A-12409ACE2AA7}"
EndProject
Global
	GlobalSection(SolutionConfigurationPlatforms) = preSolution
		Debug|Any CPU = Debug|Any CPU
		Release|Any CPU = Release|Any CPU
	EndGlobalSection
	GlobalSection(ProjectConfigurationPlatforms) = postSolution
		{1BE671F5-5375-4B2F-A57B-DBBD7E9BAD21}.Debug|Any CPU.ActiveCfg = Debug|Any CPU
		{1BE671F5-5375-4B2F-A57B-DBBD7E9BAD21}.Debug|Any CPU.Build.0 = Debug|Any CPU
		{1BE671F5-5375-4B2F-A57B-DBBD7E9BAD21}.Release|Any CPU.ActiveCfg = Release|Any CPU
		{1BE671F5-5375-4B2F-A57B-DBBD7E9BAD21}.Release|Any CPU.Build.0 = Release|Any CPU
		{EAF164A1-63FD-4D67-B4EE-F478A8CD318C}.Debug|Any CPU.ActiveCfg = Debug|Any CPU
		{EAF164A1-63FD-4D67-B4EE-F478A8CD318C}.Debug|Any CPU.Build.0 = Debug|Any CPU
		{EAF164A1-63FD-4D67-B4EE-F478A8CD318C}.Release|Any CPU.ActiveCfg = Release|Any CPU
		{EAF164A1-63FD-4D67-B4EE-F478A8CD318C}.Release|Any CPU.Build.0 = Release|Any CPU
		{CD167169-1F46-4A56-B77C-91EA27A9B179}.Debug|Any CPU.ActiveCfg = Debug|Any CPU
		{CD167169-1F46-4A56-B77C-91EA27A9B179}.Debug|Any CPU.Build.0 = Debug|Any CPU
		{CD167169-1F46-4A56-B77C-91EA27A9B179}.Release|Any CPU.ActiveCfg = Release|Any CPU
		{CD167169-1F46-4A56-B77C-91EA27A9B179}.Release|Any CPU.Build.0 = Release|Any CPU
		{ACA86E78-FC99-477A-B98F-C2DD1FD1D59E}.Debug|Any CPU.ActiveCfg = Debug|Any CPU
		{ACA86E78-FC99-477A-B98F-C2DD1FD1D59E}.Debug|Any CPU.Build.0 = Debug|Any CPU
		{ACA86E78-FC99-477A-B98F-C2DD1FD1D59E}.Release|Any CPU.ActiveCfg = Release|Any CPU
		{ACA86E78-FC99-477A-B98F-C2DD1FD1D59E}.Release|Any CPU.Build.0 = Release|Any CPU
		{ED513568-45AA-433E-AD7E-D546F0022865}.Debug|Any CPU.ActiveCfg = Debug|Any CPU
		{ED513568-45AA-433E-AD7E-D546F0022865}.Debug|Any CPU.Build.0 = Debug|Any CPU
		{ED513568-45AA-433E-AD7E-D546F0022865}.Release|Any CPU.ActiveCfg = Release|Any CPU
		{ED513568-45AA-433E-AD7E-D546F0022865}.Release|Any CPU.Build.0 = Release|Any CPU
		{7F658079-D2D6-4AA0-A472-C872FC09BAAD}.Debug|Any CPU.ActiveCfg = Debug|Any CPU
		{7F658079-D2D6-4AA0-A472-C872FC09BAAD}.Debug|Any CPU.Build.0 = Debug|Any CPU
		{7F658079-D2D6-4AA0-A472-C872FC09BAAD}.Release|Any CPU.ActiveCfg = Release|Any CPU
		{7F658079-D2D6-4AA0-A472-C872FC09BAAD}.Release|Any CPU.Build.0 = Release|Any CPU
		{C116921B-B375-47E7-81F8-6035B1D824F2}.Debug|Any CPU.ActiveCfg = Debug|Any CPU
		{C116921B-B375-47E7-81F8-6035B1D824F2}.Debug|Any CPU.Build.0 = Debug|Any CPU
		{C116921B-B375-47E7-81F8-6035B1D824F2}.Release|Any CPU.ActiveCfg = Release|Any CPU
		{C116921B-B375-47E7-81F8-6035B1D824F2}.Release|Any CPU.Build.0 = Release|Any CPU
		{0F7E9B25-D2A9-4E9E-B125-A4B8F33FA005}.Debug|Any CPU.ActiveCfg = Debug|Any CPU
		{0F7E9B25-D2A9-4E9E-B125-A4B8F33FA005}.Debug|Any CPU.Build.0 = Debug|Any CPU
		{0F7E9B25-D2A9-4E9E-B125-A4B8F33FA005}.Release|Any CPU.ActiveCfg = Release|Any CPU
		{0F7E9B25-D2A9-4E9E-B125-A4B8F33FA005}.Release|Any CPU.Build.0 = Release|Any CPU
		{0B08ECDC-0ED8-4CCE-A40A-12409ACE2AA7}.Debug|Any CPU.ActiveCfg = Debug|Any CPU
		{0B08ECDC-0ED8-4CCE-A40A-12409ACE2AA7}.Debug|Any CPU.Build.0 = Debug|Any CPU
		{0B08ECDC-0ED8-4CCE-A40A-12409ACE2AA7}.Release|Any CPU.ActiveCfg = Release|Any CPU
		{0B08ECDC-0ED8-4CCE-A40A-12409ACE2AA7}.Release|Any CPU.Build.0 = Release|Any CPU
	EndGlobalSection
	GlobalSection(SolutionProperties) = preSolution
		HideSolutionNode = FALSE
	EndGlobalSection
	GlobalSection(NestedProjects) = preSolution
		{5F792D29-E657-4AE2-B6A9-BCEF21B710BC} = {22518FC6-1E45-482D-8E43-7758478B1C56}
		{3582E42C-588F-44C9-9141-44256D6B2CC5} = {22518FC6-1E45-482D-8E43-7758478B1C56}
		{C0DFA95B-7381-41F7-9C15-7681D8516310} = {22518FC6-1E45-482D-8E43-7758478B1C56}
		{CB0C18F5-4C41-4C9F-8C32-6910298C5E31} = {22518FC6-1E45-482D-8E43-7758478B1C56}
		{64F5D972-ABCE-4B15-A97D-06B33EBA9768} = {22518FC6-1E45-482D-8E43-7758478B1C56}
		{EAF164A1-63FD-4D67-B4EE-F478A8CD318C} = {5F792D29-E657-4AE2-B6A9-BCEF21B710BC}
		{CD167169-1F46-4A56-B77C-91EA27A9B179} = {3582E42C-588F-44C9-9141-44256D6B2CC5}
		{ACA86E78-FC99-477A-B98F-C2DD1FD1D59E} = {C0DFA95B-7381-41F7-9C15-7681D8516310}
		{ED513568-45AA-433E-AD7E-D546F0022865} = {C0DFA95B-7381-41F7-9C15-7681D8516310}
		{7F658079-D2D6-4AA0-A472-C872FC09BAAD} = {CB0C18F5-4C41-4C9F-8C32-6910298C5E31}
		{C116921B-B375-47E7-81F8-6035B1D824F2} = {64F5D972-ABCE-4B15-A97D-06B33EBA9768}
		{0F7E9B25-D2A9-4E9E-B125-A4B8F33FA005} = {64F5D972-ABCE-4B15-A97D-06B33EBA9768}
		{0B08ECDC-0ED8-4CCE-A40A-12409ACE2AA7} = {64F5D972-ABCE-4B15-A97D-06B33EBA9768}
	EndGlobalSection
	GlobalSection(ExtensibilityGlobals) = postSolution
		SolutionGuid = {4C2AF050-FD40-43C1-9E36-D2ADC5D87149}
	EndGlobalSection
EndGlobal
